
Microsoft Visual Studio Solution File, Format Version 12.00
# Visual Studio 15
VisualStudioVersion = 15.0.28307.572
MinimumVisualStudioVersion = 10.0.40219.1
Project("{FAE04EC0-301F-11D3-BF4B-00C04F79EFBC}") = "TravelManager", "TravelManager\TravelManager.csproj", "{CA98750E-A3F2-489D-8830-1B1DFA994E23}"
EndProject
Global
	GlobalSection(SolutionConfigurationPlatforms) = preSolution
		Debug|Any CPU = Debug|Any CPU
		Release|Any CPU = Release|Any CPU
	EndGlobalSection
	GlobalSection(ProjectConfigurationPlatforms) = postSolution
		{CA98750E-A3F2-489D-8830-1B1DFA994E23}.Debug|Any CPU.ActiveCfg = Debug|Any CPU
		{CA98750E-A3F2-489D-8830-1B1DFA994E23}.Debug|Any CPU.Build.0 = Debug|Any CPU
		{CA98750E-A3F2-489D-8830-1B1DFA994E23}.Release|Any CPU.ActiveCfg = Release|Any CPU
		{CA98750E-A3F2-489D-8830-1B1DFA994E23}.Release|Any CPU.Build.0 = Release|Any CPU
	EndGlobalSection
	GlobalSection(SolutionProperties) = preSolution
		HideSolutionNode = FALSE
	EndGlobalSection
	GlobalSection(ExtensibilityGlobals) = postSolution
		SolutionGuid = {B3C077F4-2703-4FFB-9313-FA7D7C06744F}
	EndGlobalSection
EndGlobal
